
Microsoft Visual Studio Solution File, Format Version 12.00
# Visual Studio Version 16
VisualStudioVersion = 16.0.31424.327
MinimumVisualStudioVersion = 10.0.40219.1
Project("{FAE04EC0-301F-11D3-BF4B-00C04F79EFBC}") = "Mosaico", "Mosaico.csproj", "{9F7BD520-DDEB-40A8-8C0A-B81B7C8363DB}"
EndProject
Global
	GlobalSection(SolutionConfigurationPlatforms) = preSolution
		Debug|Any CPU = Debug|Any CPU
		Release|Any CPU = Release|Any CPU
	EndGlobalSection
	GlobalSection(ProjectConfigurationPlatforms) = postSolution
		{9F7BD520-DDEB-40A8-8C0A-B81B7C8363DB}.Debug|Any CPU.ActiveCfg = Debug|Any CPU
		{9F7BD520-DDEB-40A8-8C0A-B81B7C8363DB}.Debug|Any CPU.Build.0 = Debug|Any CPU
		{9F7BD520-DDEB-40A8-8C0A-B81B7C8363DB}.Release|Any CPU.ActiveCfg = Release|Any CPU
		{9F7BD520-DDEB-40A8-8C0A-B81B7C8363DB}.Release|Any CPU.Build.0 = Release|Any CPU
	EndGlobalSection
	GlobalSection(SolutionProperties) = preSolution
		HideSolutionNode = FALSE
	EndGlobalSection
	GlobalSection(ExtensibilityGlobals) = postSolution
		SolutionGuid = {6D3CC2E0-DA7D-4A7E-B8BE-D96D0911F886}
	EndGlobalSection
EndGlobal
